
Microsoft Visual Studio Solution File, Format Version 12.00
# Visual Studio Version 16
VisualStudioVersion = 16.0.28803.452
MinimumVisualStudioVersion = 10.0.40219.1
Project("{FAE04EC0-301F-11D3-BF4B-00C04F79EFBC}") = "SafaricomHackathon.LeftRotation", "SafaricomHackathon.LeftRotation\SafaricomHackathon.LeftRotation.csproj", "{3F57CE5E-2D66-4A33-8855-86776B999F04}"
EndProject
Project("{FAE04EC0-301F-11D3-BF4B-00C04F79EFBC}") = "SafaricomHackathon.LeftRotationTests", "SafaricomHackathon.LeftRotationTests\SafaricomHackathon.LeftRotationTests.csproj", "{968DCA20-C8BC-490E-B3C1-C69EBCCE6E38}"
EndProject
Global
	GlobalSection(SolutionConfigurationPlatforms) = preSolution
		Debug|Any CPU = Debug|Any CPU
		Release|Any CPU = Release|Any CPU
	EndGlobalSection
	GlobalSection(ProjectConfigurationPlatforms) = postSolution
		{3F57CE5E-2D66-4A33-8855-86776B999F04}.Debug|Any CPU.ActiveCfg = Debug|Any CPU
		{3F57CE5E-2D66-4A33-8855-86776B999F04}.Debug|Any CPU.Build.0 = Debug|Any CPU
		{3F57CE5E-2D66-4A33-8855-86776B999F04}.Release|Any CPU.ActiveCfg = Release|Any CPU
		{3F57CE5E-2D66-4A33-8855-86776B999F04}.Release|Any CPU.Build.0 = Release|Any CPU
		{968DCA20-C8BC-490E-B3C1-C69EBCCE6E38}.Debug|Any CPU.ActiveCfg = Debug|Any CPU
		{968DCA20-C8BC-490E-B3C1-C69EBCCE6E38}.Debug|Any CPU.Build.0 = Debug|Any CPU
		{968DCA20-C8BC-490E-B3C1-C69EBCCE6E38}.Release|Any CPU.ActiveCfg = Release|Any CPU
		{968DCA20-C8BC-490E-B3C1-C69EBCCE6E38}.Release|Any CPU.Build.0 = Release|Any CPU
	EndGlobalSection
	GlobalSection(SolutionProperties) = preSolution
		HideSolutionNode = FALSE
	EndGlobalSection
	GlobalSection(ExtensibilityGlobals) = postSolution
		SolutionGuid = {3ADC40CC-9462-4BF1-8957-3F67E311652C}
	EndGlobalSection
EndGlobal
